
Microsoft Visual Studio Solution File, Format Version 12.00
# Visual Studio Version 17
VisualStudioVersion = 17.0.31611.283
MinimumVisualStudioVersion = 10.0.40219.1
Project("{9A19103F-16F7-4668-BE54-9A1E7A4F7556}") = "Todo20367758", "Todo20367758\Todo20367758.csproj", "{AA2C3428-4712-4429-BA0F-4D2364B064C3}"
EndProject
Global
	GlobalSection(SolutionConfigurationPlatforms) = preSolution
		Debug|Any CPU = Debug|Any CPU
		Release|Any CPU = Release|Any CPU
	EndGlobalSection
	GlobalSection(ProjectConfigurationPlatforms) = postSolution
		{AA2C3428-4712-4429-BA0F-4D2364B064C3}.Debug|Any CPU.ActiveCfg = Debug|Any CPU
		{AA2C3428-4712-4429-BA0F-4D2364B064C3}.Debug|Any CPU.Build.0 = Debug|Any CPU
		{AA2C3428-4712-4429-BA0F-4D2364B064C3}.Debug|Any CPU.Deploy.0 = Debug|Any CPU
		{AA2C3428-4712-4429-BA0F-4D2364B064C3}.Release|Any CPU.ActiveCfg = Release|Any CPU
		{AA2C3428-4712-4429-BA0F-4D2364B064C3}.Release|Any CPU.Build.0 = Release|Any CPU
		{AA2C3428-4712-4429-BA0F-4D2364B064C3}.Release|Any CPU.Deploy.0 = Release|Any CPU
	EndGlobalSection
	GlobalSection(SolutionProperties) = preSolution
		HideSolutionNode = FALSE
	EndGlobalSection
	GlobalSection(ExtensibilityGlobals) = postSolution
		SolutionGuid = {61F7FB11-1E47-470C-91E2-47F8143E1572}
	EndGlobalSection
EndGlobal
